dependencies:
- name: argo-workflows
  repository: https://argoproj.github.io/argo-helm
  version: 0.33.1
- name: jupyterhub
  repository: https://jupyterhub.github.io/helm-chart/
  version: 3.3.7
- name: k8s-secret-creator
  repository: oci://ghcr.io/qcdis/charts
  version: 0.1.0
- name: keycloak
  repository: https://charts.bitnami.com/bitnami
  version: 16.1.7
- name: vrepaas
  repository: oci://ghcr.io/qcdis/charts
  version: 0.5.8
digest: sha256:89911287d84ec13d8cb9c981c0e661febe518fd13d0ab17bea59f37c7cebd526
generated: "2025-01-22T19:41:21.912564443+01:00"
