dependencies:
- name: argo-workflows
  repository: https://argoproj.github.io/argo-helm
  version: 0.33.1
- name: jupyterhub
  repository: https://jupyterhub.github.io/helm-chart/
  version: 4.1.0
- name: k8s-secret-creator
  repository: oci://ghcr.io/qcdis/charts
  version: 0.1.0
- name: keycloak
  repository: https://charts.bitnami.com/bitnami
  version: 16.1.7
- name: vrepaas
  repository: oci://ghcr.io/qcdis/charts
  version: 0.5.8
digest: sha256:f0dd51c237e3579eee0f3c178e7370bf02ad04a4ce24663b7e66fb803a87ce01
generated: "2025-02-07T14:37:39.650594212+01:00"
